{
  "name": "dkg-review-ledger",
  "version": "0.1.1",
  "lockfileVersion": 3,
  "requires": true,
  "packages": {
    "": {
      "name": "dkg-review-ledger",
      "version": "0.1.1",
      "license": "Apache-2.0",
      "bin": {
        "dkg-review-ledger": "src/cli.mjs"
      },
      "engines": {
        "node": ">=22.13.0"
      }
    }
  }
}
